
Microsoft Visual Studio Solution File, Format Version 12.00
# Visual Studio Version 16
VisualStudioVersion = 16.0.31702.278
MinimumVisualStudioVersion = 10.0.40219.1
Project("{2150E333-8FDC-42A3-9474-1A3956D46DE8}") = "src", "src", "{CD5BAB19-301F-438C-8135-BCAA1E9AB2E2}"
EndProject
Project("{2150E333-8FDC-42A3-9474-1A3956D46DE8}") = "Building Blocks", "Building Blocks", "{69E0E6C0-9CD3-4A07-9FF3-5473787CB1E9}"
EndProject
Project("{2150E333-8FDC-42A3-9474-1A3956D46DE8}") = "Services", "Services", "{AA443B90-2488-4E63-8256-227E65AC1991}"
EndProject
Project("{2150E333-8FDC-42A3-9474-1A3956D46DE8}") = "Web", "Web", "{81954E84-B6CB-4CD3-8BBF-23F318D0A0B3}"
EndProject
Project("{2150E333-8FDC-42A3-9474-1A3956D46DE8}") = "Identidade", "Identidade", "{72579083-E896-42DF-86D8-E541B19844A1}"
EndProject
Project("{9A19103F-16F7-4668-BE54-9A1E7A4F7556}") = "NSE.Identidade.API", "src\services\NSE.Identidade.API\NSE.Identidade.API.csproj", "{F4C3DB7E-8F5A-459D-9070-46F5FDCD6758}"
EndProject
Project("{2150E333-8FDC-42A3-9474-1A3956D46DE8}") = "MVC", "MVC", "{10FEE34C-B4A2-4BB6-9A13-2A7E72FC56E0}"
EndProject
Project("{9A19103F-16F7-4668-BE54-9A1E7A4F7556}") = "NSE.WebApp.MVC", "src\web\NSE.WebApp.MVC\NSE.WebApp.MVC.csproj", "{9873F5AE-7B8B-4E81-BDC1-DCBCC01735E3}"
EndProject
Project("{2150E333-8FDC-42A3-9474-1A3956D46DE8}") = "Core", "Core", "{1C7BB653-C252-4AAA-A373-A0F884380BC2}"
EndProject
Project("{9A19103F-16F7-4668-BE54-9A1E7A4F7556}") = "NSE.Core", "src\building blocks\NSE.Core\NSE.Core.csproj", "{D3E69CD5-530E-4BCF-A576-8319F18E4906}"
EndProject
Project("{2150E333-8FDC-42A3-9474-1A3956D46DE8}") = "Catalogo", "Catalogo", "{AB8D8676-6231-445C-81BF-03834640D926}"
EndProject
Project("{FAE04EC0-301F-11D3-BF4B-00C04F79EFBC}") = "NSE.Catalogo.API", "src\services\NSE.Catalogo.API\NSE.Catalogo.API.csproj", "{CEB8FB31-8832-4BD4-83B0-F873C46ED1D2}"
EndProject
Global
	GlobalSection(SolutionConfigurationPlatforms) = preSolution
		Debug|Any CPU = Debug|Any CPU
		Release|Any CPU = Release|Any CPU
	EndGlobalSection
	GlobalSection(ProjectConfigurationPlatforms) = postSolution
		{F4C3DB7E-8F5A-459D-9070-46F5FDCD6758}.Debug|Any CPU.ActiveCfg = Debug|Any CPU
		{F4C3DB7E-8F5A-459D-9070-46F5FDCD6758}.Debug|Any CPU.Build.0 = Debug|Any CPU
		{F4C3DB7E-8F5A-459D-9070-46F5FDCD6758}.Release|Any CPU.ActiveCfg = Release|Any CPU
		{F4C3DB7E-8F5A-459D-9070-46F5FDCD6758}.Release|Any CPU.Build.0 = Release|Any CPU
		{9873F5AE-7B8B-4E81-BDC1-DCBCC01735E3}.Debug|Any CPU.ActiveCfg = Debug|Any CPU
		{9873F5AE-7B8B-4E81-BDC1-DCBCC01735E3}.Debug|Any CPU.Build.0 = Debug|Any CPU
		{9873F5AE-7B8B-4E81-BDC1-DCBCC01735E3}.Release|Any CPU.ActiveCfg = Release|Any CPU
		{9873F5AE-7B8B-4E81-BDC1-DCBCC01735E3}.Release|Any CPU.Build.0 = Release|Any CPU
		{D3E69CD5-530E-4BCF-A576-8319F18E4906}.Debug|Any CPU.ActiveCfg = Debug|Any CPU
		{D3E69CD5-530E-4BCF-A576-8319F18E4906}.Debug|Any CPU.Build.0 = Debug|Any CPU
		{D3E69CD5-530E-4BCF-A576-8319F18E4906}.Release|Any CPU.ActiveCfg = Release|Any CPU
		{D3E69CD5-530E-4BCF-A576-8319F18E4906}.Release|Any CPU.Build.0 = Release|Any CPU
		{CEB8FB31-8832-4BD4-83B0-F873C46ED1D2}.Debug|Any CPU.ActiveCfg = Debug|Any CPU
		{CEB8FB31-8832-4BD4-83B0-F873C46ED1D2}.Debug|Any CPU.Build.0 = Debug|Any CPU
		{CEB8FB31-8832-4BD4-83B0-F873C46ED1D2}.Release|Any CPU.ActiveCfg = Release|Any CPU
		{CEB8FB31-8832-4BD4-83B0-F873C46ED1D2}.Release|Any CPU.Build.0 = Release|Any CPU
	EndGlobalSection
	GlobalSection(SolutionProperties) = preSolution
		HideSolutionNode = FALSE
	EndGlobalSection
	GlobalSection(NestedProjects) = preSolution
		{69E0E6C0-9CD3-4A07-9FF3-5473787CB1E9} = {CD5BAB19-301F-438C-8135-BCAA1E9AB2E2}
		{AA443B90-2488-4E63-8256-227E65AC1991} = {CD5BAB19-301F-438C-8135-BCAA1E9AB2E2}
		{81954E84-B6CB-4CD3-8BBF-23F318D0A0B3} = {CD5BAB19-301F-438C-8135-BCAA1E9AB2E2}
		{72579083-E896-42DF-86D8-E541B19844A1} = {AA443B90-2488-4E63-8256-227E65AC1991}
		{F4C3DB7E-8F5A-459D-9070-46F5FDCD6758} = {72579083-E896-42DF-86D8-E541B19844A1}
		{10FEE34C-B4A2-4BB6-9A13-2A7E72FC56E0} = {81954E84-B6CB-4CD3-8BBF-23F318D0A0B3}
		{9873F5AE-7B8B-4E81-BDC1-DCBCC01735E3} = {10FEE34C-B4A2-4BB6-9A13-2A7E72FC56E0}
		{1C7BB653-C252-4AAA-A373-A0F884380BC2} = {69E0E6C0-9CD3-4A07-9FF3-5473787CB1E9}
		{D3E69CD5-530E-4BCF-A576-8319F18E4906} = {1C7BB653-C252-4AAA-A373-A0F884380BC2}
		{AB8D8676-6231-445C-81BF-03834640D926} = {AA443B90-2488-4E63-8256-227E65AC1991}
		{CEB8FB31-8832-4BD4-83B0-F873C46ED1D2} = {AB8D8676-6231-445C-81BF-03834640D926}
	EndGlobalSection
	GlobalSection(ExtensibilityGlobals) = postSolution
		SolutionGuid = {A19D64D7-B933-4881-9ED0-9733ED85B4B4}
	EndGlobalSection
EndGlobal
